
Microsoft Visual Studio Solution File, Format Version 12.00
# Visual Studio 15
VisualStudioVersion = 15.0.27130.2010
MinimumVisualStudioVersion = 10.0.40219.1
Project("{FAE04EC0-301F-11D3-BF4B-00C04F79EFBC}") = "OnlineStore.Core.Common.Contracts", "OnlineStore.Core.Common.Contracts\OnlineStore.Core.Common.Contracts.csproj", "{98642418-317B-43B5-9162-3FAD8269A9C5}"
EndProject
Project("{FAE04EC0-301F-11D3-BF4B-00C04F79EFBC}") = "OnlineStore.Core", "OnlineStore.Core\OnlineStore.Core.csproj", "{C549069D-57A3-47CD-8178-916E8455ED86}"
EndProject
Project("{FAE04EC0-301F-11D3-BF4B-00C04F79EFBC}") = "OnlineStore.Core.Common.Caching", "OnlineStore.Core.Common.Caching\OnlineStore.Core.Common.Caching.csproj", "{098D88E1-9C0D-4D81-96E7-B080BE8725C2}"
EndProject
Project("{FAE04EC0-301F-11D3-BF4B-00C04F79EFBC}") = "OnlineStore.Core.Common.Logging", "OnlineStore.Core.Common.Logging\OnlineStore.Core.Common.Logging.csproj", "{5F332CDA-FB6F-43A5-B46E-432691D33D74}"
EndProject
Project("{FAE04EC0-301F-11D3-BF4B-00C04F79EFBC}") = "OnlineStore.Data.Entities", "OnlineStore.Data.Entities\OnlineStore.Data.Entities.csproj", "{A1C080F9-F524-49BA-871E-1D5ED1169F9C}"
EndProject
Project("{FAE04EC0-301F-11D3-BF4B-00C04F79EFBC}") = "OnlineStore.Data.Contracts", "OnlineStore.Data.Contracts\OnlineStore.Data.Contracts.csproj", "{8EDCA3CF-C471-4DD7-B907-0450D9E173C8}"
EndProject
Project("{2150E333-8FDC-42A3-9474-1A3956D46DE8}") = "00 - Core", "00 - Core", "{74A15274-19B9-454E-AA60-8A9CD5D75F24}"
EndProject
Project("{2150E333-8FDC-42A3-9474-1A3956D46DE8}") = "01 - Resource Access", "01 - Resource Access", "{1AE98730-C971-48B4-8704-8CFCD74B7D1B}"
EndProject
Project("{FAE04EC0-301F-11D3-BF4B-00C04F79EFBC}") = "OnlineStore.Data", "OnlineStore.Data\OnlineStore.Data.csproj", "{850365FC-0909-4D8E-A3E8-21449283C8E1}"
EndProject
Project("{2150E333-8FDC-42A3-9474-1A3956D46DE8}") = "02 - Business Logic Layer", "02 - Business Logic Layer", "{4CDA0E72-DA9F-4748-B6F4-3273EC9D9355}"
EndProject
Project("{FAE04EC0-301F-11D3-BF4B-00C04F79EFBC}") = "OnlineStore.Business.Contracts", "OnlineStore.Business.Contracts\OnlineStore.Business.Contracts.csproj", "{53CE7325-FAAF-48F6-9629-2F3BD7E01A61}"
EndProject
Project("{FAE04EC0-301F-11D3-BF4B-00C04F79EFBC}") = "OnlineStore.Business", "OnlineStore.Business\OnlineStore.Business.csproj", "{4D584D0C-8298-48F3-8535-5D5CFE7F10E0}"
EndProject
Global
	GlobalSection(SolutionConfigurationPlatforms) = preSolution
		Debug|Any CPU = Debug|Any CPU
		Release|Any CPU = Release|Any CPU
	EndGlobalSection
	GlobalSection(ProjectConfigurationPlatforms) = postSolution
		{98642418-317B-43B5-9162-3FAD8269A9C5}.Debug|Any CPU.ActiveCfg = Debug|Any CPU
		{98642418-317B-43B5-9162-3FAD8269A9C5}.Debug|Any CPU.Build.0 = Debug|Any CPU
		{98642418-317B-43B5-9162-3FAD8269A9C5}.Release|Any CPU.ActiveCfg = Release|Any CPU
		{98642418-317B-43B5-9162-3FAD8269A9C5}.Release|Any CPU.Build.0 = Release|Any CPU
		{C549069D-57A3-47CD-8178-916E8455ED86}.Debug|Any CPU.ActiveCfg = Debug|Any CPU
		{C549069D-57A3-47CD-8178-916E8455ED86}.Debug|Any CPU.Build.0 = Debug|Any CPU
		{C549069D-57A3-47CD-8178-916E8455ED86}.Release|Any CPU.ActiveCfg = Release|Any CPU
		{C549069D-57A3-47CD-8178-916E8455ED86}.Release|Any CPU.Build.0 = Release|Any CPU
		{098D88E1-9C0D-4D81-96E7-B080BE8725C2}.Debug|Any CPU.ActiveCfg = Debug|Any CPU
		{098D88E1-9C0D-4D81-96E7-B080BE8725C2}.Debug|Any CPU.Build.0 = Debug|Any CPU
		{098D88E1-9C0D-4D81-96E7-B080BE8725C2}.Release|Any CPU.ActiveCfg = Release|Any CPU
		{098D88E1-9C0D-4D81-96E7-B080BE8725C2}.Release|Any CPU.Build.0 = Release|Any CPU
		{5F332CDA-FB6F-43A5-B46E-432691D33D74}.Debug|Any CPU.ActiveCfg = Debug|Any CPU
		{5F332CDA-FB6F-43A5-B46E-432691D33D74}.Debug|Any CPU.Build.0 = Debug|Any CPU
		{5F332CDA-FB6F-43A5-B46E-432691D33D74}.Release|Any CPU.ActiveCfg = Release|Any CPU
		{5F332CDA-FB6F-43A5-B46E-432691D33D74}.Release|Any CPU.Build.0 = Release|Any CPU
		{A1C080F9-F524-49BA-871E-1D5ED1169F9C}.Debug|Any CPU.ActiveCfg = Debug|Any CPU
		{A1C080F9-F524-49BA-871E-1D5ED1169F9C}.Debug|Any CPU.Build.0 = Debug|Any CPU
		{A1C080F9-F524-49BA-871E-1D5ED1169F9C}.Release|Any CPU.ActiveCfg = Release|Any CPU
		{A1C080F9-F524-49BA-871E-1D5ED1169F9C}.Release|Any CPU.Build.0 = Release|Any CPU
		{8EDCA3CF-C471-4DD7-B907-0450D9E173C8}.Debug|Any CPU.ActiveCfg = Debug|Any CPU
		{8EDCA3CF-C471-4DD7-B907-0450D9E173C8}.Debug|Any CPU.Build.0 = Debug|Any CPU
		{8EDCA3CF-C471-4DD7-B907-0450D9E173C8}.Release|Any CPU.ActiveCfg = Release|Any CPU
		{8EDCA3CF-C471-4DD7-B907-0450D9E173C8}.Release|Any CPU.Build.0 = Release|Any CPU
		{850365FC-0909-4D8E-A3E8-21449283C8E1}.Debug|Any CPU.ActiveCfg = Debug|Any CPU
		{850365FC-0909-4D8E-A3E8-21449283C8E1}.Debug|Any CPU.Build.0 = Debug|Any CPU
		{850365FC-0909-4D8E-A3E8-21449283C8E1}.Release|Any CPU.ActiveCfg = Release|Any CPU
		{850365FC-0909-4D8E-A3E8-21449283C8E1}.Release|Any CPU.Build.0 = Release|Any CPU
		{53CE7325-FAAF-48F6-9629-2F3BD7E01A61}.Debug|Any CPU.ActiveCfg = Debug|Any CPU
		{53CE7325-FAAF-48F6-9629-2F3BD7E01A61}.Debug|Any CPU.Build.0 = Debug|Any CPU
		{53CE7325-FAAF-48F6-9629-2F3BD7E01A61}.Release|Any CPU.ActiveCfg = Release|Any CPU
		{53CE7325-FAAF-48F6-9629-2F3BD7E01A61}.Release|Any CPU.Build.0 = Release|Any CPU
		{4D584D0C-8298-48F3-8535-5D5CFE7F10E0}.Debug|Any CPU.ActiveCfg = Debug|Any CPU
		{4D584D0C-8298-48F3-8535-5D5CFE7F10E0}.Debug|Any CPU.Build.0 = Debug|Any CPU
		{4D584D0C-8298-48F3-8535-5D5CFE7F10E0}.Release|Any CPU.ActiveCfg = Release|Any CPU
		{4D584D0C-8298-48F3-8535-5D5CFE7F10E0}.Release|Any CPU.Build.0 = Release|Any CPU
	EndGlobalSection
	GlobalSection(SolutionProperties) = preSolution
		HideSolutionNode = FALSE
	EndGlobalSection
	GlobalSection(NestedProjects) = preSolution
		{98642418-317B-43B5-9162-3FAD8269A9C5} = {74A15274-19B9-454E-AA60-8A9CD5D75F24}
		{C549069D-57A3-47CD-8178-916E8455ED86} = {74A15274-19B9-454E-AA60-8A9CD5D75F24}
		{098D88E1-9C0D-4D81-96E7-B080BE8725C2} = {74A15274-19B9-454E-AA60-8A9CD5D75F24}
		{5F332CDA-FB6F-43A5-B46E-432691D33D74} = {74A15274-19B9-454E-AA60-8A9CD5D75F24}
		{A1C080F9-F524-49BA-871E-1D5ED1169F9C} = {1AE98730-C971-48B4-8704-8CFCD74B7D1B}
		{8EDCA3CF-C471-4DD7-B907-0450D9E173C8} = {1AE98730-C971-48B4-8704-8CFCD74B7D1B}
		{850365FC-0909-4D8E-A3E8-21449283C8E1} = {1AE98730-C971-48B4-8704-8CFCD74B7D1B}
		{53CE7325-FAAF-48F6-9629-2F3BD7E01A61} = {4CDA0E72-DA9F-4748-B6F4-3273EC9D9355}
		{4D584D0C-8298-48F3-8535-5D5CFE7F10E0} = {4CDA0E72-DA9F-4748-B6F4-3273EC9D9355}
	EndGlobalSection
	GlobalSection(ExtensibilityGlobals) = postSolution
		SolutionGuid = {C5950C12-56C4-4510-AF41-D8BC471A2CC0}
	EndGlobalSection
EndGlobal
