
Microsoft Visual Studio Solution File, Format Version 12.00
# Visual Studio 15
VisualStudioVersion = 15.0.27130.2010
MinimumVisualStudioVersion = 10.0.40219.1
Project("{FAE04EC0-301F-11D3-BF4B-00C04F79EFBC}") = "OnlineStore.Core.Common.Contracts", "OnlineStore.Core.Common.Contracts\OnlineStore.Core.Common.Contracts.csproj", "{98642418-317B-43B5-9162-3FAD8269A9C5}"
EndProject
Project("{FAE04EC0-301F-11D3-BF4B-00C04F79EFBC}") = "OnlineStore.Core", "OnlineStore.Core\OnlineStore.Core.csproj", "{C549069D-57A3-47CD-8178-916E8455ED86}"
EndProject
Global
	GlobalSection(SolutionConfigurationPlatforms) = preSolution
		Debug|Any CPU = Debug|Any CPU
		Release|Any CPU = Release|Any CPU
	EndGlobalSection
	GlobalSection(ProjectConfigurationPlatforms) = postSolution
		{98642418-317B-43B5-9162-3FAD8269A9C5}.Debug|Any CPU.ActiveCfg = Debug|Any CPU
		{98642418-317B-43B5-9162-3FAD8269A9C5}.Debug|Any CPU.Build.0 = Debug|Any CPU
		{98642418-317B-43B5-9162-3FAD8269A9C5}.Release|Any CPU.ActiveCfg = Release|Any CPU
		{98642418-317B-43B5-9162-3FAD8269A9C5}.Release|Any CPU.Build.0 = Release|Any CPU
		{C549069D-57A3-47CD-8178-916E8455ED86}.Debug|Any CPU.ActiveCfg = Debug|Any CPU
		{C549069D-57A3-47CD-8178-916E8455ED86}.Debug|Any CPU.Build.0 = Debug|Any CPU
		{C549069D-57A3-47CD-8178-916E8455ED86}.Release|Any CPU.ActiveCfg = Release|Any CPU
		{C549069D-57A3-47CD-8178-916E8455ED86}.Release|Any CPU.Build.0 = Release|Any CPU
	EndGlobalSection
	GlobalSection(SolutionProperties) = preSolution
		HideSolutionNode = FALSE
	EndGlobalSection
	GlobalSection(ExtensibilityGlobals) = postSolution
		SolutionGuid = {C5950C12-56C4-4510-AF41-D8BC471A2CC0}
	EndGlobalSection
EndGlobal
